
Microsoft Visual Studio Solution File, Format Version 12.00
# Visual Studio 15
VisualStudioVersion = 15.0.27130.2036
MinimumVisualStudioVersion = 10.0.40219.1
Project("{FAE04EC0-301F-11D3-BF4B-00C04F79EFBC}") = "project", "project\project.csproj", "{8C95F700-19B7-4014-8353-4713A4BADB06}"
EndProject
Global
	GlobalSection(SolutionConfigurationPlatforms) = preSolution
		Debug|Any CPU = Debug|Any CPU
		Release|Any CPU = Release|Any CPU
	EndGlobalSection
	GlobalSection(ProjectConfigurationPlatforms) = postSolution
		{8C95F700-19B7-4014-8353-4713A4BADB06}.Debug|Any CPU.ActiveCfg = Debug|Any CPU
		{8C95F700-19B7-4014-8353-4713A4BADB06}.Debug|Any CPU.Build.0 = Debug|Any CPU
		{8C95F700-19B7-4014-8353-4713A4BADB06}.Release|Any CPU.ActiveCfg = Release|Any CPU
		{8C95F700-19B7-4014-8353-4713A4BADB06}.Release|Any CPU.Build.0 = Release|Any CPU
	EndGlobalSection
	GlobalSection(SolutionProperties) = preSolution
		HideSolutionNode = FALSE
	EndGlobalSection
	GlobalSection(ExtensibilityGlobals) = postSolution
		SolutionGuid = {F74336BA-DF63-45E7-9CAA-0DF7D593CB50}
	EndGlobalSection
EndGlobal
